
Microsoft Visual Studio Solution File, Format Version 12.00
# Visual Studio 2012
Project("{FAE04EC0-301F-11D3-BF4B-00C04F79EFBC}") = "HelloGame", "HelloGame\HelloGame\HelloGame.csproj", "{D187DEA6-A352-493A-9016-9F0785AA86E2}"
EndProject
Project("{96E2B04D-8817-42C6-938A-82C39BA4D311}") = "HelloGameContent", "HelloGame\HelloGameContent\HelloGameContent.contentproj", "{660EF8CE-98F1-4F6A-8AB0-FFC2A9CDD658}"
EndProject
Global
	GlobalSection(SolutionConfigurationPlatforms) = preSolution
		Debug|Windows Phone = Debug|Windows Phone
		Release|Windows Phone = Release|Windows Phone
	EndGlobalSection
	GlobalSection(ProjectConfigurationPlatforms) = postSolution
		{D187DEA6-A352-493A-9016-9F0785AA86E2}.Debug|Windows Phone.ActiveCfg = Debug|Windows Phone
		{D187DEA6-A352-493A-9016-9F0785AA86E2}.Debug|Windows Phone.Build.0 = Debug|Windows Phone
		{D187DEA6-A352-493A-9016-9F0785AA86E2}.Debug|Windows Phone.Deploy.0 = Debug|Windows Phone
		{D187DEA6-A352-493A-9016-9F0785AA86E2}.Release|Windows Phone.ActiveCfg = Release|Windows Phone
		{D187DEA6-A352-493A-9016-9F0785AA86E2}.Release|Windows Phone.Build.0 = Release|Windows Phone
		{D187DEA6-A352-493A-9016-9F0785AA86E2}.Release|Windows Phone.Deploy.0 = Release|Windows Phone
		{660EF8CE-98F1-4F6A-8AB0-FFC2A9CDD658}.Debug|Windows Phone.ActiveCfg = Debug|Windows Phone
		{660EF8CE-98F1-4F6A-8AB0-FFC2A9CDD658}.Release|Windows Phone.ActiveCfg = Release|Windows Phone
	EndGlobalSection
	GlobalSection(SolutionProperties) = preSolution
		HideSolutionNode = FALSE
	EndGlobalSection
EndGlobal
